{
  "object": {
    "pins": [
      {
        "package": "Console",
        "repositoryURL": "https://github.com/vapor/console.git",
        "state": {
          "branch": null,
          "revision": "d6cf07af59ae63cd95c4b5f98cf1f25627750fd1",
          "version": "3.1.0"
        }
      },
      {
        "package": "Core",
        "repositoryURL": "https://github.com/vapor/core.git",
        "state": {
          "branch": null,
          "revision": "96ce86ebf9198328795c4b9cb711489460be083c",
          "version": "3.4.4"
        }
      },
      {
        "package": "Crypto",
        "repositoryURL": "https://github.com/vapor/crypto.git",
        "state": {
          "branch": null,
          "revision": "bce9ac891c9b33fc045deda713e0d976d13b749a",
          "version": "3.3.1"
        }
      },
      {
        "package": "JWT",
        "repositoryURL": "https://github.com/vapor/jwt.git",
        "state": {
          "branch": null,
          "revision": "2e225c722bf26407c1c4bd11d341e48759f46095",
          "version": "3.0.0"
        }
      },
      {
        "package": "Service",
        "repositoryURL": "https://github.com/vapor/service.git",
        "state": {
          "branch": null,
          "revision": "281a70b69783891900be31a9e70051b6fe19e146",
          "version": "1.0.0"
        }
      },
      {
        "package": "swift-nio",
        "repositoryURL": "https://github.com/apple/swift-nio.git",
        "state": {
          "branch": null,
          "revision": "a20e129c22ad00a51c902dca54a5456f90664780",
          "version": "1.12.0"
        }
      },
      {
        "package": "swift-nio-ssl",
        "repositoryURL": "https://github.com/apple/swift-nio-ssl.git",
        "state": {
          "branch": null,
          "revision": "0f3999f3e3c359cc74480c292644c3419e44a12f",
          "version": "1.4.0"
        }
      },
      {
        "package": "swift-nio-ssl-support",
        "repositoryURL": "https://github.com/apple/swift-nio-ssl-support.git",
        "state": {
          "branch": null,
          "revision": "c02eec4e0e6d351cd092938cf44195a8e669f555",
          "version": "1.0.0"
        }
      },
      {
        "package": "swift-nio-zlib-support",
        "repositoryURL": "https://github.com/apple/swift-nio-zlib-support.git",
        "state": {
          "branch": null,
          "revision": "37760e9a52030bb9011972c5213c3350fa9d41fd",
          "version": "1.0.0"
        }
      }
    ]
  },
  "version": 1
}
